<?xml version="1.0" encoding="utf-8"?>
<Project ToolsVersion="4.0" xmlns="http://schemas.microsoft.com/developer/msbuild/2003">
  <ItemGroup>
    <ClCompile Include="main\main.cpp" />
    <ClCompile Include="horizon\core\shared.cpp" />
    <ClCompile Include="valve\sdk.cpp" />
    <ClCompile Include="source\engine.cpp" />
    <ClCompile Include="valve\math\core.cpp" />
    <ClCompile Include="valve\math\qangle.cpp" />
    <ClCompile Include="valve\math\vector.cpp" />
    <ClCompile Include="valve\math\vector2d.cpp" />
    <ClCompile Include="valve\math\vector4d.cpp" />
    <ClCompile Include="source\engine\netprop_manager.cpp" />
    <ClCompile Include="option\storage.cpp" />
    <ClCompile Include="valve\source\entity.cpp" />
    <ClCompile Include="valve\source\player.cpp" />
    <ClCompile Include="horizon\memory\swap.cpp" />
    <ClCompile Include="source\engine\factory.cpp" />
    <ClCompile Include="horizon\win32\input.cpp" />
    <ClCompile Include="source\engine\renderer.cpp" />
    <ClCompile Include="imgui\imgui_translate.cpp" />
    <ClCompile Include="imgui\imgui_impl_dx9.cpp" />
    <ClCompile Include="imgui\imgui_draw.cpp" />
    <ClCompile Include="imgui\imgui.cpp" />
    <ClCompile Include="source\feature\gui.cpp" />
    <ClCompile Include="source\feature\aimbot.cpp" />
    <ClCompile Include="source\feature\triggerbot.cpp" />
    <ClCompile Include="source\engine\prediction.cpp" />
    <ClCompile Include="valve\source\weapon.cpp" />
    <ClCompile Include="source\feature\movement.cpp" />
    <ClCompile Include="source\feature\accuracy.cpp" />
    <ClCompile Include="horizon\core\data.cpp" />
    <ClCompile Include="source\feature\lag_compensation.cpp" />
    <ClCompile Include="source\feature\anim_state.cpp" />
    <ClCompile Include="source\feature\resolver.cpp" />
    <ClCompile Include="source\engine\player_array.cpp" />
    <ClCompile Include="source\hooked\create_move.cpp" />
    <ClCompile Include="source\hooked\frame_stage_notify.cpp" />
    <ClCompile Include="source\hooked\netprop.cpp" />
    <ClCompile Include="source\hooked\present.cpp" />
    <ClCompile Include="source\hooked\reset.cpp" />
    <ClCompile Include="source\hooked\run_command.cpp" />
    <ClCompile Include="source\hooked\scene_end.cpp" />
    <ClCompile Include="source\hooked\render_view.cpp" />
    <ClCompile Include="source\feature\menu.cpp" />
  </ItemGroup>
  <ItemGroup>
    <ClInclude Include="horizon\framework.hpp" />
    <ClInclude Include="include\win32.hpp" />
    <ClInclude Include="include\auto.hpp" />
    <ClInclude Include="horizon\core\singleton.hpp" />
    <ClInclude Include="horizon\core\base.hpp" />
    <ClInclude Include="horizon\core\shared.hpp" />
    <ClInclude Include="valve\sdk.hpp" />
    <ClInclude Include="source\engine.hpp" />
    <ClInclude Include="valve\math\core.hpp" />
    <ClInclude Include="valve\math\qangle.hpp" />
    <ClInclude Include="valve\math\vector.hpp" />
    <ClInclude Include="valve\math\vector2d.hpp" />
    <ClInclude Include="valve\math\vector4d.hpp" />
    <ClInclude Include="valve\math\base.hpp" />
    <ClInclude Include="horizon\memory\base.hpp" />
    <ClInclude Include="horizon\memory\operation.hpp" />
    <ClInclude Include="source\engine\netprop_manager.hpp" />
    <ClInclude Include="valve\source\entity.hpp" />
    <ClInclude Include="valve\source\player.hpp" />
    <ClInclude Include="valve\source\weapon.hpp" />
    <ClInclude Include="option\storage.hpp" />
    <ClInclude Include="horizon\memory\swap.hpp" />
    <ClInclude Include="source\engine\factory.hpp" />
    <ClInclude Include="horizon\memory\scan.hpp" />
    <ClInclude Include="horizon\win32\input.hpp" />
    <ClInclude Include="horizon\win32\base.hpp" />
    <ClInclude Include="source\engine\renderer.hpp" />
    <ClInclude Include="imgui\stb_rect_pack.hpp" />
    <ClInclude Include="imgui\stb_textedit.hpp" />
    <ClInclude Include="imgui\stb_truetype.hpp" />
    <ClInclude Include="imgui\imgui_translate.hpp" />
    <ClInclude Include="imgui\imgui_internal.hpp" />
    <ClInclude Include="imgui\imgui_impl_dx9.hpp" />
    <ClInclude Include="imgui\imgui.hpp" />
    <ClInclude Include="source\feature\gui.hpp" />
    <ClInclude Include="source\feature\aimbot.hpp" />
    <ClInclude Include="source\feature\triggerbot.hpp" />
    <ClInclude Include="source\engine\prediction.hpp" />
    <ClInclude Include="source\feature\movement.hpp" />
    <ClInclude Include="source\feature\accuracy.hpp" />
    <ClInclude Include="horizon\core\timer.hpp" />
    <ClInclude Include="horizon\core\data.hpp" />
    <ClInclude Include="source\feature\lag_compensation.hpp" />
    <ClInclude Include="source\feature\anim_state.hpp" />
    <ClInclude Include="source\feature\resolver.hpp" />
    <ClInclude Include="source\engine\player_array.hpp" />
    <ClInclude Include="source\hooked\procedure.hpp" />
    <ClInclude Include="source\feature\menu.hpp" />
  </ItemGroup>
</Project>